
Microsoft Visual Studio Solution File, Format Version 12.00
# Visual Studio 14
VisualStudioVersion = 14.0.25123.0
MinimumVisualStudioVersion = 10.0.40219.1
Project("{FAE04EC0-301F-11D3-BF4B-00C04F79EFBC}") = "CoreZip", "CoreZip\CoreZip.csproj", "{53478638-69DE-4A3E-9E86-A73815DEEFD3}"
EndProject
Project("{FAE04EC0-301F-11D3-BF4B-00C04F79EFBC}") = "Demo", "Demo\Demo.csproj", "{B548F38B-452B-4532-9B43-565C089C120D}"
EndProject
Global
	GlobalSection(SolutionConfigurationPlatforms) = preSolution
		Debug|Any CPU = Debug|Any CPU
		Release|Any CPU = Release|Any CPU
	EndGlobalSection
	GlobalSection(ProjectConfigurationPlatforms) = postSolution
		{53478638-69DE-4A3E-9E86-A73815DEEFD3}.Debug|Any CPU.ActiveCfg = Debug|Any CPU
		{53478638-69DE-4A3E-9E86-A73815DEEFD3}.Debug|Any CPU.Build.0 = Debug|Any CPU
		{53478638-69DE-4A3E-9E86-A73815DEEFD3}.Release|Any CPU.ActiveCfg = Release|Any CPU
		{53478638-69DE-4A3E-9E86-A73815DEEFD3}.Release|Any CPU.Build.0 = Release|Any CPU
		{B548F38B-452B-4532-9B43-565C089C120D}.Debug|Any CPU.ActiveCfg = Debug|Any CPU
		{B548F38B-452B-4532-9B43-565C089C120D}.Debug|Any CPU.Build.0 = Debug|Any CPU
		{B548F38B-452B-4532-9B43-565C089C120D}.Release|Any CPU.ActiveCfg = Release|Any CPU
		{B548F38B-452B-4532-9B43-565C089C120D}.Release|Any CPU.Build.0 = Release|Any CPU
	EndGlobalSection
	GlobalSection(SolutionProperties) = preSolution
		HideSolutionNode = FALSE
	EndGlobalSection
EndGlobal
